github.com/mattn/go-sqlite3 v1.14.22 h1:2gZY6PC6kBnID23Tichd1K+Z0oS6nE/XwU+Vz/5o4kU=
github.com/mattn/go-sqlite3 v1.14.22/go.mod h1:Uh1q+B4BYcTPb+yiD3kU8Ct7aC0hY9fxUwlHK0RXw+Y=
github.com/timotewb/cpu/jobs/getdata/common v0.0.0-20240531200429-dd446bdcb15b h1:+5As+MnIUl6PjbF2/k6Z5/qOov7YnfDIorBPGlkA/k8=
github.com/timotewb/cpu/jobs/getdata/common v0.0.0-20240531200429-dd446bdcb15b/go.mod h1:fgRpwrD3ZDheqVoM6VyXgFYxpEdOe0vqEvp5cZ4YJ2Q=
github.com/timotewb/cpu/jobs/getdata/common v0.0.0-20240531201426-0afadaf5f8a0 h1:GQulNC6EiVu1a79+QBaEMLFxB8DXpDArj2HkiP4VHNY=
github.com/timotewb/cpu/jobs/getdata/common v0.0.0-20240531201426-0afadaf5f8a0/go.mod h1:fgRpwrD3ZDheqVoM6VyXgFYxpEdOe0vqEvp5cZ4YJ2Q=
github.com/timotewb/cpu/jobs/getdata/common v0.0.0-20240601005541-881caab09124 h1:NkgoQNSPl5ob3JEknxPnP4lazAIAr+k/meIZF1ZLhYQ=
github.com/timotewb/cpu/jobs/getdata/common v0.0.0-20240601005541-881caab09124/go.mod h1:fgRpwrD3ZDheqVoM6VyXgFYxpEdOe0vqEvp5cZ4YJ2Q=
