github.com/timotewb/cpu/jobs/getdata/common v0.0.0-20240607090833-3f5a529ec650 h1:1R9wnZqSmhsYkQKq81BAAf2IAEZGOx2TWg5gvokYLkQ=
github.com/timotewb/cpu/jobs/getdata/common v0.0.0-20240607090833-3f5a529ec650/go.mod h1:fgRpwrD3ZDheqVoM6VyXgFYxpEdOe0vqEvp5cZ4YJ2Q=
github.com/timotewb/cpu/jobs/getdata/common v0.0.0-20240609035810-acc58de76695 h1:uXijw5dh9J5PQn8Lgr+SubiGZkGyRV8x0CfOW9S9mwc=
github.com/timotewb/cpu/jobs/getdata/common v0.0.0-20240609035810-acc58de76695/go.mod h1:fgRpwrD3ZDheqVoM6VyXgFYxpEdOe0vqEvp5cZ4YJ2Q=
github.com/timotewb/cpu/jobs/getdata/common v0.0.0-20240615054821-eae479094e45 h1:3qappN6vVrrr5/CvITVHHnsy8uYhrgGvn4ac2cDHv94=
github.com/timotewb/cpu/jobs/getdata/common v0.0.0-20240615054821-eae479094e45/go.mod h1:fgRpwrD3ZDheqVoM6VyXgFYxpEdOe0vqEvp5cZ4YJ2Q=
