github.com/mattn/go-sqlite3 v1.14.22 h1:2gZY6PC6kBnID23Tichd1K+Z0oS6nE/XwU+Vz/5o4kU=
github.com/mattn/go-sqlite3 v1.14.22/go.mod h1:Uh1q+B4BYcTPb+yiD3kU8Ct7aC0hY9fxUwlHK0RXw+Y=
github.com/timotewb/cpu/jobs/getdata/common v0.0.0-20240615054821-eae479094e45 h1:3qappN6vVrrr5/CvITVHHnsy8uYhrgGvn4ac2cDHv94=
github.com/timotewb/cpu/jobs/getdata/common v0.0.0-20240615054821-eae479094e45/go.mod h1:fgRpwrD3ZDheqVoM6VyXgFYxpEdOe0vqEvp5cZ4YJ2Q=
github.com/timotewb/cpu/jobs/getdata/common v0.0.0-20240617081956-4ba5249b98b7 h1:/2OzwDzP8rJzM+BwGPZ8u1pfgOr7T8NxfnsL8YeTcMA=
github.com/timotewb/cpu/jobs/getdata/common v0.0.0-20240617081956-4ba5249b98b7/go.mod h1:Na/Hqdiv1heTFQ5SK4bfSs040uErzj4QPbLG8+4YNqM=
